
Microsoft Visual Studio Solution File, Format Version 12.00
# Visual Studio Version 16
VisualStudioVersion = 16.0.30804.86
MinimumVisualStudioVersion = 10.0.40219.1
Project("{9A19103F-16F7-4668-BE54-9A1E7A4F7556}") = "AdoSubscriptionGenerator", "AdoSubscriptionGenerator\AdoSubscriptionGenerator.csproj", "{8231E7EC-4DEA-4D49-ABAB-4BFAB59F53AD}"
EndProject
Project("{FAE04EC0-301F-11D3-BF4B-00C04F79EFBC}") = "AdoMessageRelay", "AdoMessageRelay\AdoMessageRelay.csproj", "{634F0DD7-BBE3-4A65-9C28-DC31922FBE40}"
EndProject
Global
	GlobalSection(SolutionConfigurationPlatforms) = preSolution
		Debug|Any CPU = Debug|Any CPU
		Release|Any CPU = Release|Any CPU
	EndGlobalSection
	GlobalSection(ProjectConfigurationPlatforms) = postSolution
		{8231E7EC-4DEA-4D49-ABAB-4BFAB59F53AD}.Debug|Any CPU.ActiveCfg = Debug|Any CPU
		{8231E7EC-4DEA-4D49-ABAB-4BFAB59F53AD}.Debug|Any CPU.Build.0 = Debug|Any CPU
		{8231E7EC-4DEA-4D49-ABAB-4BFAB59F53AD}.Release|Any CPU.ActiveCfg = Release|Any CPU
		{8231E7EC-4DEA-4D49-ABAB-4BFAB59F53AD}.Release|Any CPU.Build.0 = Release|Any CPU
		{634F0DD7-BBE3-4A65-9C28-DC31922FBE40}.Debug|Any CPU.ActiveCfg = Debug|Any CPU
		{634F0DD7-BBE3-4A65-9C28-DC31922FBE40}.Debug|Any CPU.Build.0 = Debug|Any CPU
		{634F0DD7-BBE3-4A65-9C28-DC31922FBE40}.Release|Any CPU.ActiveCfg = Release|Any CPU
		{634F0DD7-BBE3-4A65-9C28-DC31922FBE40}.Release|Any CPU.Build.0 = Release|Any CPU
	EndGlobalSection
	GlobalSection(SolutionProperties) = preSolution
		HideSolutionNode = FALSE
	EndGlobalSection
	GlobalSection(ExtensibilityGlobals) = postSolution
		SolutionGuid = {D249254E-1A6B-4EDC-BDF8-331E62CBA60A}
	EndGlobalSection
EndGlobal
